github.com/alex-dev-master/protoc-gen-etcd v0.0.0-20241113102926-8f562cf4b19c h1:C5apz8j/X5naUPgbdAmP5GBLpGbD1BUmJjGuZp5MwXk=
github.com/alex-dev-master/protoc-gen-etcd v0.0.0-20241113102926-8f562cf4b19c/go.mod h1:dMxnj1nJsaiyVLwleD7GgtHjZJg5N2kESjVqunoT8Sg=
github.com/alex-dev-master/protoc-gen-etcd v0.0.0-20241114144525-8628fda2361d h1:vc2Mt85ro9/OhNhkrYDRBch0BkB5rJzWhxhCg2TydUY=
github.com/alex-dev-master/protoc-gen-etcd v0.0.0-20241114144525-8628fda2361d/go.mod h1:NgyEt/ne4y3LtWOLpRhBA7mjgbBco0YtOEqrPQ7Ap9E=
github.com/alex-dev-master/protoc-gen-etcd v0.0.0-20241114151709-9cedd1fe5779 h1:gXiffZDkE7PpfESVsXUmwN+zwsXmhQQmJ1/ni2Kp+IY=
github.com/alex-dev-master/protoc-gen-etcd v0.0.0-20241114151709-9cedd1fe5779/go.mod h1:NgyEt/ne4y3LtWOLpRhBA7mjgbBco0YtOEqrPQ7Ap9E=
github.com/alex-dev-master/protoc-gen-etcd v0.0.0-20241114155522-326e35486900 h1:hbMt5yFPq5TLH2NeUxk9va0BzE8SrLZCayCyaGjrOMY=
github.com/alex-dev-master/protoc-gen-etcd v0.0.0-20241114155522-326e35486900/go.mod h1:NgyEt/ne4y3LtWOLpRhBA7mjgbBco0YtOEqrPQ7Ap9E=
github.com/alex-dev-master/protoc-gen-etcd v0.0.0-20241114160028-98351058068d h1:JrfDSFLzsejk4Cixluf++jCBEC4ejX5sDSS810rfiAg=
github.com/alex-dev-master/protoc-gen-etcd v0.0.0-20241114160028-98351058068d/go.mod h1:NgyEt/ne4y3LtWOLpRhBA7mjgbBco0YtOEqrPQ7Ap9E=
github.com/alex-dev-master/protoc-gen-etcd v0.0.0-20241115132821-58442240adcb h1:vHl7kilPAHjQ37imoGCOqZ58qIp1zxpvQ+atMGWiznA=
github.com/alex-dev-master/protoc-gen-etcd v0.0.0-20241115132821-58442240adcb/go.mod h1:NgyEt/ne4y3LtWOLpRhBA7mjgbBco0YtOEqrPQ7Ap9E=
github.com/alex-dev-master/protoc-gen-etcd v0.0.0-20241115134301-f43d0d8afd34 h1:i+WsTdYG9UHTkJDjuSyDh86/yy2LHWeWzh7OD9DAnT8=
github.com/alex-dev-master/protoc-gen-etcd v0.0.0-20241115134301-f43d0d8afd34/go.mod h1:NgyEt/ne4y3LtWOLpRhBA7mjgbBco0YtOEqrPQ7Ap9E=
github.com/alex-dev-master/protoc-gen-etcd v0.0.0-20241115135125-95ab0029091d h1:C9jiJQgnFXu6rsVmZmkuEVtz7irI0tmBIFY+VYN1J54=
github.com/alex-dev-master/protoc-gen-etcd v0.0.0-20241115135125-95ab0029091d/go.mod h1:NgyEt/ne4y3LtWOLpRhBA7mjgbBco0YtOEqrPQ7Ap9E=
github.com/alex-dev-master/protoc-gen-etcd v0.0.0-20241118121956-480e6aef8fce h1:QowM3xj8+nIhVvqYjZ/4Zr/0dX1/3DiIv9/KfgfUXig=
github.com/alex-dev-master/protoc-gen-etcd v0.0.0-20241118121956-480e6aef8fce/go.mod h1:NgyEt/ne4y3LtWOLpRhBA7mjgbBco0YtOEqrPQ7Ap9E=
github.com/alex-dev-master/protoc-gen-etcd v0.0.0-20241118125410-c7c784c977ae h1:DDscuq6myaJpKImSsAdm1tXadmqatv8VmhYmqrkAGdc=
github.com/alex-dev-master/protoc-gen-etcd v0.0.0-20241118125410-c7c784c977ae/go.mod h1:NgyEt/ne4y3LtWOLpRhBA7mjgbBco0YtOEqrPQ7Ap9E=
github.com/alex-dev-master/protoc-gen-etcd v0.0.0-20241118130741-1a6191b31d3d h1:nmQ4PzxsAqWx1tmH/VOSKN9Lvgu4Q5wKsIdRmqEH4oI=
github.com/alex-dev-master/protoc-gen-etcd v0.0.0-20241118130741-1a6191b31d3d/go.mod h1:NgyEt/ne4y3LtWOLpRhBA7mjgbBco0YtOEqrPQ7Ap9E=
github.com/google/go-cmp v0.5.9 h1:O2Tfq5qg4qc4AmwVlvv0oLiVAGB7enBSJ2x2DqQFi38=
github.com/google/go-cmp v0.5.9/go.mod h1:17dUlkBOakJ0+DkrSSNjCkIjxS6bF9zb3elmeNGIjoY=
github.com/iancoleman/strcase v0.3.0 h1:nTXanmYxhfFAMjZL34Ov6gkzEsSJZ5DbhxWjvSASxEI=
github.com/iancoleman/strcase v0.3.0/go.mod h1:iwCmte+B7n89clKwxIoIXy/HfoL7AsD47ZCWhYzw7ho=
google.golang.org/protobuf v1.35.1 h1:m3LfL6/Ca+fqnjnlqQXNpFPABW1UD7mjh8KO2mKFytA=
google.golang.org/protobuf v1.35.1/go.mod h1:9fA7Ob0pmnwhb644+1+CVWFRbNajQ6iRojtC/QF5bRE=
